// !$*UTF8*$!
{
	archiveVersion = 1;
	classes = {
	};
	objectVersion = 50;
	objects = {

/* Begin PBXBuildFile section */
		7DCF930F212F42FC00ABF355 /* AppDelegate.swift in Sources */ = {isa = PBXBuildFile; fileRef = 7DCF930E212F42FC00ABF355 /* AppDelegate.swift */; };
		7DCF9311212F42FC00ABF355 /* ViewController.swift in Sources */ = {isa = PBXBuildFile; fileRef = 7DCF9310212F42FC00ABF355 /* ViewController.swift */; };
		7DCF9314212F42FC00ABF355 /* Main.storyboard in Resources */ = {isa = PBXBuildFile; fileRef = 7DCF9312212F42FC00ABF355 /* Main.storyboard */; };
		7DCF9316212F42FC00ABF355 /* Assets.xcassets in Resources */ = {isa = PBXBuildFile; fileRef = 7DCF9315212F42FC00ABF355 /* Assets.xcassets */; };
		7DCF9319212F42FC00ABF355 /* LaunchScreen.storyboard in Resources */ = {isa = PBXBuildFile; fileRef = 7DCF9317212F42FC00ABF355 /* LaunchScreen.storyboard */; };
		7DCF9324212F42FD00ABF355 /* TriviaTests.swift in Sources */ = {isa = PBXBuildFile; fileRef = 7DCF9323212F42FD00ABF355 /* TriviaTests.swift */; };
		7DCF932F212F42FD00ABF355 /* TriviaUITests.swift in Sources */ = {isa = PBXBuildFile; fileRef = 7DCF932E212F42FD00ABF355 /* TriviaUITests.swift */; };
/* End PBXBuildFile section */

/* Begin PBXContainerItemProxy section */
		7DCF9320212F42FD00ABF355 /* PBXContainerItemProxy */ = {
			isa = PBXContainerItemProxy;
			containerPortal = 7DCF9303212F42FC00ABF355 /* Project object */;
			proxyType = 1;
			remoteGlobalIDString = 7DCF930A212F42FC00ABF355;
			remoteInfo = Trivia;
		};
		7DCF932B212F42FD00ABF355 /* PBXContainerItemProxy */ = {
			isa = PBXContainerItemProxy;
			containerPortal = 7DCF9303212F42FC00ABF355 /* Project object */;
			proxyType = 1;
			remoteGlobalIDString = 7DCF930A212F42FC00ABF355;
			remoteInfo = Trivia;
		};
/* End PBXContainerItemProxy section */

/* Begin PBXFileReference section */
		7DCF930B212F42FC00ABF355 /* Trivia.app */ = {isa = PBXFileReference; explicitFileType = wrapper.application; includeInIndex = 0; path = Trivia.app; sourceTree = BUILT_PRODUCTS_DIR; };
		7DCF930E212F42FC00ABF355 /* AppDelegate.swift */ = {isa = PBXFileReference; lastKnownFileType = sourcecode.swift; path = AppDelegate.swift; sourceTree = "<group>"; };
		7DCF9310212F42FC00ABF355 /* ViewController.swift */ = {isa = PBXFileReference; lastKnownFileType = sourcecode.swift; path = ViewController.swift; sourceTree = "<group>"; };
		7DCF9313212F42FC00ABF355 /* Base */ = {isa = PBXFileReference; lastKnownFileType = file.storyboard; name = Base; path = Base.lproj/Main.storyboard; sourceTree = "<group>"; };
		7DCF9315212F42FC00ABF355 /* Assets.xcassets */ = {isa = PBXFileReference; lastKnownFileType = folder.assetcatalog; path = Assets.xcassets; sourceTree = "<group>"; };
		7DCF9318212F42FC00ABF355 /* Base */ = {isa = PBXFileReference; lastKnownFileType = file.storyboard; name = Base; path = Base.lproj/LaunchScreen.storyboard; sourceTree = "<group>"; };
		7DCF931A212F42FD00ABF355 /* Info.plist */ = {isa = PBXFileReference; lastKnownFileType = text.plist.xml; path = Info.plist; sourceTree = "<group>"; };
		7DCF931F212F42FD00ABF355 /* TriviaTests.xctest */ = {isa = PBXFileReference; explicitFileType = wrapper.cfbundle; includeInIndex = 0; path = TriviaTests.xctest; sourceTree = BUILT_PRODUCTS_DIR; };
		7DCF9323212F42FD00ABF355 /* TriviaTests.swift */ = {isa = PBXFileReference; lastKnownFileType = sourcecode.swift; path = TriviaTests.swift; sourceTree = "<group>"; };
		7DCF9325212F42FD00ABF355 /* Info.plist */ = {isa = PBXFileReference; lastKnownFileType = text.plist.xml; path = Info.plist; sourceTree = "<group>"; };
		7DCF932A212F42FD00ABF355 /* TriviaUITests.xctest */ = {isa = PBXFileReference; explicitFileType = wrapper.cfbundle; includeInIndex = 0; path = TriviaUITests.xctest; sourceTree = BUILT_PRODUCTS_DIR; };
		7DCF932E212F42FD00ABF355 /* TriviaUITests.swift */ = {isa = PBXFileReference; lastKnownFileType = sourcecode.swift; path = TriviaUITests.swift; sourceTree = "<group>"; };
		7DCF9330212F42FD00ABF355 /* Info.plist */ = {isa = PBXFileReference; lastKnownFileType = text.plist.xml; path = Info.plist; sourceTree = "<group>"; };
/* End PBXFileReference section */

/* Begin PBXFrameworksBuildPhase section */
		7DCF9308212F42FC00ABF355 /* Frameworks */ = {
			isa = PBXFrameworksBuildPhase;
			buildActionMask = 2147483647;
			files = (
			);
			runOnlyForDeploymentPostprocessing = 0;
		};
		7DCF931C212F42FD00ABF355 /* Frameworks */ = {
			isa = PBXFrameworksBuildPhase;
			buildActionMask = 2147483647;
			files = (
			);
			runOnlyForDeploymentPostprocessing = 0;
		};
		7DCF9327212F42FD00ABF355 /* Frameworks */ = {
			isa = PBXFrameworksBuildPhase;
			buildActionMask = 2147483647;
			files = (
			);
			runOnlyForDeploymentPostprocessing = 0;
		};
/* End PBXFrameworksBuildPhase section */

/* Begin PBXGroup section */
		7DCF9302212F42FC00ABF355 = {
			isa = PBXGroup;
			children = (
				7DCF930D212F42FC00ABF355 /* Trivia */,
				7DCF9322212F42FD00ABF355 /* TriviaTests */,
				7DCF932D212F42FD00ABF355 /* TriviaUITests */,
				7DCF930C212F42FC00ABF355 /* Products */,
			);
			sourceTree = "<group>";
		};
		7DCF930C212F42FC00ABF355 /* Products */ = {
			isa = PBXGroup;
			children = (
				7DCF930B212F42FC00ABF355 /* Trivia.app */,
				7DCF931F212F42FD00ABF355 /* TriviaTests.xctest */,
				7DCF932A212F42FD00ABF355 /* TriviaUITests.xctest */,
			);
			name = Products;
			sourceTree = "<group>";
		};
		7DCF930D212F42FC00ABF355 /* Trivia */ = {
			isa = PBXGroup;
			children = (
				7DCF930E212F42FC00ABF355 /* AppDelegate.swift */,
				7DCF9310212F42FC00ABF355 /* ViewController.swift */,
				7DCF9312212F42FC00ABF355 /* Main.storyboard */,
				7DCF9315212F42FC00ABF355 /* Assets.xcassets */,
				7DCF9317212F42FC00ABF355 /* LaunchScreen.storyboard */,
				7DCF931A212F42FD00ABF355 /* Info.plist */,
			);
			path = Trivia;
			sourceTree = "<group>";
		};
		7DCF9322212F42FD00ABF355 /* TriviaTests */ = {
			isa = PBXGroup;
			children = (
				7DCF9323212F42FD00ABF355 /* TriviaTests.swift */,
				7DCF9325212F42FD00ABF355 /* Info.plist */,
			);
			path = TriviaTests;
			sourceTree = "<group>";
		};
		7DCF932D212F42FD00ABF355 /* TriviaUITests */ = {
			isa = PBXGroup;
			children = (
				7DCF932E212F42FD00ABF355 /* TriviaUITests.swift */,
				7DCF9330212F42FD00ABF355 /* Info.plist */,
			);
			path = TriviaUITests;
			sourceTree = "<group>";
		};
/* End PBXGroup section */

/* Begin PBXNativeTarget section */
		7DCF930A212F42FC00ABF355 /* Trivia */ = {
			isa = PBXNativeTarget;
			buildConfigurationList = 7DCF9333212F42FD00ABF355 /* Build configuration list for PBXNativeTarget "Trivia" */;
			buildPhases = (
				7DCF9307212F42FC00ABF355 /* Sources */,
				7DCF9308212F42FC00ABF355 /* Frameworks */,
				7DCF9309212F42FC00ABF355 /* Resources */,
			);
			buildRules = (
			);
			dependencies = (
			);
			name = Trivia;
			productName = Trivia;
			productReference = 7DCF930B212F42FC00ABF355 /* Trivia.app */;
			productType = "com.apple.product-type.application";
		};
		7DCF931E212F42FD00ABF355 /* TriviaTests */ = {
			isa = PBXNativeTarget;
			buildConfigurationList = 7DCF9336212F42FD00ABF355 /* Build configuration list for PBXNativeTarget "TriviaTests" */;
			buildPhases = (
				7DCF931B212F42FD00ABF355 /* Sources */,
				7DCF931C212F42FD00ABF355 /* Frameworks */,
				7DCF931D212F42FD00ABF355 /* Resources */,
			);
			buildRules = (
			);
			dependencies = (
				7DCF9321212F42FD00ABF355 /* PBXTargetDependency */,
			);
			name = TriviaTests;
			productName = TriviaTests;
			productReference = 7DCF931F212F42FD00ABF355 /* TriviaTests.xctest */;
			productType = "com.apple.product-type.bundle.unit-test";
		};
		7DCF9329212F42FD00ABF355 /* TriviaUITests */ = {
			isa = PBXNativeTarget;
			buildConfigurationList = 7DCF9339212F42FD00ABF355 /* Build configuration list for PBXNativeTarget "TriviaUITests" */;
			buildPhases = (
				7DCF9326212F42FD00ABF355 /* Sources */,
				7DCF9327212F42FD00ABF355 /* Frameworks */,
				7DCF9328212F42FD00ABF355 /* Resources */,
			);
			buildRules = (
			);
			dependencies = (
				7DCF932C212F42FD00ABF355 /* PBXTargetDependency */,
			);
			name = TriviaUITests;
			productName = TriviaUITests;
			productReference = 7DCF932A212F42FD00ABF355 /* TriviaUITests.xctest */;
			productType = "com.apple.product-type.bundle.ui-testing";
		};
/* End PBXNativeTarget section */

/* Begin PBXProject section */
		7DCF9303212F42FC00ABF355 /* Project object */ = {
			isa = PBXProject;
			attributes = {
				LastSwiftUpdateCheck = 0940;
				LastUpgradeCheck = 0940;
				ORGANIZATIONNAME = "Mitchell Socia";
				TargetAttributes = {
					7DCF930A212F42FC00ABF355 = {
						CreatedOnToolsVersion = 9.4.1;
					};
					7DCF931E212F42FD00ABF355 = {
						CreatedOnToolsVersion = 9.4.1;
						TestTargetID = 7DCF930A212F42FC00ABF355;
					};
					7DCF9329212F42FD00ABF355 = {
						CreatedOnToolsVersion = 9.4.1;
						TestTargetID = 7DCF930A212F42FC00ABF355;
					};
				};
			};
			buildConfigurationList = 7DCF9306212F42FC00ABF355 /* Build configuration list for PBXProject "Trivia" */;
			compatibilityVersion = "Xcode 9.3";
			developmentRegion = en;
			hasScannedForEncodings = 0;
			knownRegions = (
				en,
				Base,
			);
			mainGroup = 7DCF9302212F42FC00ABF355;
			productRefGroup = 7DCF930C212F42FC00ABF355 /* Products */;
			projectDirPath = "";
			projectRoot = "";
			targets = (
				7DCF930A212F42FC00ABF355 /* Trivia */,
				7DCF931E212F42FD00ABF355 /* TriviaTests */,
				7DCF9329212F42FD00ABF355 /* TriviaUITests */,
			);
		};
/* End PBXProject section */

/* Begin PBXResourcesBuildPhase section */
		7DCF9309212F42FC00ABF355 /* Resources */ = {
			isa = PBXResourcesBuildPhase;
			buildActionMask = 2147483647;
			files = (
				7DCF9319212F42FC00ABF355 /* LaunchScreen.storyboard in Resources */,
				7DCF9316212F42FC00ABF355 /* Assets.xcassets in Resources */,
				7DCF9314212F42FC00ABF355 /* Main.storyboard in Resources */,
			);
			runOnlyForDeploymentPostprocessing = 0;
		};
		7DCF931D212F42FD00ABF355 /* Resources */ = {
			isa = PBXResourcesBuildPhase;
			buildActionMask = 2147483647;
			files = (
			);
			runOnlyForDeploymentPostprocessing = 0;
		};
		7DCF9328212F42FD00ABF355 /* Resources */ = {
			isa = PBXResourcesBuildPhase;
			buildActionMask = 2147483647;
			files = (
			);
			runOnlyForDeploymentPostprocessing = 0;
		};
/* End PBXResourcesBuildPhase section */

/* Begin PBXSourcesBuildPhase section */
		7DCF9307212F42FC00ABF355 /* Sources */ = {
			isa = PBXSourcesBuildPhase;
			buildActionMask = 2147483647;
			files = (
				7DCF9311212F42FC00ABF355 /* ViewController.swift in Sources */,
				7DCF930F212F42FC00ABF355 /* AppDelegate.swift in Sources */,
			);
			runOnlyForDeploymentPostprocessing = 0;
		};
		7DCF931B212F42FD00ABF355 /* Sources */ = {
			isa = PBXSourcesBuildPhase;
			buildActionMask = 2147483647;
			files = (
				7DCF9324212F42FD00ABF355 /* TriviaTests.swift in Sources */,
			);
			runOnlyForDeploymentPostprocessing = 0;
		};
		7DCF9326212F42FD00ABF355 /* Sources */ = {
			isa = PBXSourcesBuildPhase;
			buildActionMask = 2147483647;
			files = (
				7DCF932F212F42FD00ABF355 /* TriviaUITests.swift in Sources */,
			);
			runOnlyForDeploymentPostprocessing = 0;
		};
/* End PBXSourcesBuildPhase section */

/* Begin PBXTargetDependency section */
		7DCF9321212F42FD00ABF355 /* PBXTargetDependency */ = {
			isa = PBXTargetDependency;
			target = 7DCF930A212F42FC00ABF355 /* Trivia */;
			targetProxy = 7DCF9320212F42FD00ABF355 /* PBXContainerItemProxy */;
		};
		7DCF932C212F42FD00ABF355 /* PBXTargetDependency */ = {
			isa = PBXTargetDependency;
			target = 7DCF930A212F42FC00ABF355 /* Trivia */;
			targetProxy = 7DCF932B212F42FD00ABF355 /* PBXContainerItemProxy */;
		};
/* End PBXTargetDependency section */

/* Begin PBXVariantGroup section */
		7DCF9312212F42FC00ABF355 /* Main.storyboard */ = {
			isa = PBXVariantGroup;
			children = (
				7DCF9313212F42FC00ABF355 /* Base */,
			);
			name = Main.storyboard;
			sourceTree = "<group>";
		};
		7DCF9317212F42FC00ABF355 /* LaunchScreen.storyboard */ = {
			isa = PBXVariantGroup;
			children = (
				7DCF9318212F42FC00ABF355 /* Base */,
			);
			name = LaunchScreen.storyboard;
			sourceTree = "<group>";
		};
/* End PBXVariantGroup section */

/* Begin XCBuildConfiguration section */
		7DCF9331212F42FD00ABF355 /* Debug */ = {
			isa = XCBuildConfiguration;
			buildSettings = {
				ALWAYS_SEARCH_USER_PATHS = NO;
				CLANG_ANALYZER_NONNULL = YES;
				CLANG_ANALYZER_NUMBER_OBJECT_CONVERSION = YES_AGGRESSIVE;
				CLANG_CXX_LANGUAGE_STANDARD = "gnu++14";
				CLANG_CXX_LIBRARY = "libc++";
				CLANG_ENABLE_MODULES = YES;
				CLANG_ENABLE_OBJC_ARC = YES;
				CLANG_ENABLE_OBJC_WEAK = YES;
				CLANG_WARN_BLOCK_CAPTURE_AUTORELEASING = YES;
				CLANG_WARN_BOOL_CONVERSION = YES;
				CLANG_WARN_COMMA = YES;
				CLANG_WARN_CONSTANT_CONVERSION = YES;
				CLANG_WARN_DEPRECATED_OBJC_IMPLEMENTATIONS = YES;
				CLANG_WARN_DIRECT_OBJC_ISA_USAGE = YES_ERROR;
				CLANG_WARN_DOCUMENTATION_COMMENTS = YES;
				CLANG_WARN_EMPTY_BODY = YES;
				CLANG_WARN_ENUM_CONVERSION = YES;
				CLANG_WARN_INFINITE_RECURSION = YES;
				CLANG_WARN_INT_CONVERSION = YES;
				CLANG_WARN_NON_LITERAL_NULL_CONVERSION = YES;
				CLANG_WARN_OBJC_IMPLICIT_RETAIN_SELF = YES;
				CLANG_WARN_OBJC_LITERAL_CONVERSION = YES;
				CLANG_WARN_OBJC_ROOT_CLASS = YES_ERROR;
				CLANG_WARN_RANGE_LOOP_ANALYSIS = YES;
				CLANG_WARN_STRICT_PROTOTYPES = YES;
				CLANG_WARN_SUSPICIOUS_MOVE = YES;
				CLANG_WARN_UNGUARDED_AVAILABILITY = YES_AGGRESSIVE;
				CLANG_WARN_UNREACHABLE_CODE = YES;
				CLANG_WARN__DUPLICATE_METHOD_MATCH = YES;
				CODE_SIGN_IDENTITY = "iPhone Developer";
				COPY_PHASE_STRIP = NO;
				DEBUG_INFORMATION_FORMAT = dwarf;
				ENABLE_STRICT_OBJC_MSGSEND = YES;
				ENABLE_TESTABILITY = YES;
				GCC_C_LANGUAGE_STANDARD = gnu11;
				GCC_DYNAMIC_NO_PIC = NO;
				GCC_NO_COMMON_BLOCKS = YES;
				GCC_OPTIMIZATION_LEVEL = 0;
				GCC_PREPROCESSOR_DEFINITIONS = (
					"DEBUG=1",
					"$(inherited)",
				);
				GCC_WARN_64_TO_32_BIT_CONVERSION = YES;
				GCC_WARN_ABOUT_RETURN_TYPE = YES_ERROR;
				GCC_WARN_UNDECLARED_SELECTOR = YES;
				GCC_WARN_UNINITIALIZED_AUTOS = YES_AGGRESSIVE;
				GCC_WARN_UNUSED_FUNCTION = YES;
				GCC_WARN_UNUSED_VARIABLE = YES;
				IPHONEOS_DEPLOYMENT_TARGET = 11.4;
				MTL_ENABLE_DEBUG_INFO = YES;
				ONLY_ACTIVE_ARCH = YES;
				SDKROOT = iphoneos;
				SWIFT_ACTIVE_COMPILATION_CONDITIONS = DEBUG;
				SWIFT_OPTIMIZATION_LEVEL = "-Onone";
			};
			name = Debug;
		};
		7DCF9332212F42FD00ABF355 /* Release */ = {
			isa = XCBuildConfiguration;
			buildSettings = {
				ALWAYS_SEARCH_USER_PATHS = NO;
				CLANG_ANALYZER_NONNULL = YES;
				CLANG_ANALYZER_NUMBER_OBJECT_CONVERSION = YES_AGGRESSIVE;
				CLANG_CXX_LANGUAGE_STANDARD = "gnu++14";
				CLANG_CXX_LIBRARY = "libc++";
				CLANG_ENABLE_MODULES = YES;
				CLANG_ENABLE_OBJC_ARC = YES;
				CLANG_ENABLE_OBJC_WEAK = YES;
				CLANG_WARN_BLOCK_CAPTURE_AUTORELEASING = YES;
				CLANG_WARN_BOOL_CONVERSION = YES;
				CLANG_WARN_COMMA = YES;
				CLANG_WARN_CONSTANT_CONVERSION = YES;
				CLANG_WARN_DEPRECATED_OBJC_IMPLEMENTATIONS = YES;
				CLANG_WARN_DIRECT_OBJC_ISA_USAGE = YES_ERROR;
				CLANG_WARN_DOCUMENTATION_COMMENTS = YES;
				CLANG_WARN_EMPTY_BODY = YES;
				CLANG_WARN_ENUM_CONVERSION = YES;
				CLANG_WARN_INFINITE_RECURSION = YES;
				CLANG_WARN_INT_CONVERSION = YES;
				CLANG_WARN_NON_LITERAL_NULL_CONVERSION = YES;
				CLANG_WARN_OBJC_IMPLICIT_RETAIN_SELF = YES;
				CLANG_WARN_OBJC_LITERAL_CONVERSION = YES;
				CLANG_WARN_OBJC_ROOT_CLASS = YES_ERROR;
				CLANG_WARN_RANGE_LOOP_ANALYSIS = YES;
				CLANG_WARN_STRICT_PROTOTYPES = YES;
				CLANG_WARN_SUSPICIOUS_MOVE = YES;
				CLANG_WARN_UNGUARDED_AVAILABILITY = YES_AGGRESSIVE;
				CLANG_WARN_UNREACHABLE_CODE = YES;
				CLANG_WARN__DUPLICATE_METHOD_MATCH = YES;
				CODE_SIGN_IDENTITY = "iPhone Developer";
				COPY_PHASE_STRIP = NO;
				DEBUG_INFORMATION_FORMAT = "dwarf-with-dsym";
				ENABLE_NS_ASSERTIONS = NO;
				ENABLE_STRICT_OBJC_MSGSEND = YES;
				GCC_C_LANGUAGE_STANDARD = gnu11;
				GCC_NO_COMMON_BLOCKS = YES;
				GCC_WARN_64_TO_32_BIT_CONVERSION = YES;
				GCC_WARN_ABOUT_RETURN_TYPE = YES_ERROR;
				GCC_WARN_UNDECLARED_SELECTOR = YES;
				GCC_WARN_UNINITIALIZED_AUTOS = YES_AGGRESSIVE;
				GCC_WARN_UNUSED_FUNCTION = YES;
				GCC_WARN_UNUSED_VARIABLE = YES;
				IPHONEOS_DEPLOYMENT_TARGET = 11.4;
				MTL_ENABLE_DEBUG_INFO = NO;
				SDKROOT = iphoneos;
				SWIFT_COMPILATION_MODE = wholemodule;
				SWIFT_OPTIMIZATION_LEVEL = "-O";
				VALIDATE_PRODUCT = YES;
			};
			name = Release;
		};
		7DCF9334212F42FD00ABF355 /* Debug */ = {
			isa = XCBuildConfiguration;
			buildSettings = {
				ASSETCATALOG_COMPILER_APPICON_NAME = AppIcon;
				CODE_SIGN_STYLE = Automatic;
				INFOPLIST_FILE = Trivia/Info.plist;
				LD_RUNPATH_SEARCH_PATHS = (
					"$(inherited)",
					"@executable_path/Frameworks",
				);
				PRODUCT_BUNDLE_IDENTIFIER = com.detroitlabs.Trivia;
				PRODUCT_NAME = "$(TARGET_NAME)";
				SWIFT_VERSION = 4.0;
				TARGETED_DEVICE_FAMILY = "1,2";
			};
			name = Debug;
		};
		7DCF9335212F42FD00ABF355 /* Release */ = {
			isa = XCBuildConfiguration;
			buildSettings = {
				ASSETCATALOG_COMPILER_APPICON_NAME = AppIcon;
				CODE_SIGN_STYLE = Automatic;
				INFOPLIST_FILE = Trivia/Info.plist;
				LD_RUNPATH_SEARCH_PATHS = (
					"$(inherited)",
					"@executable_path/Frameworks",
				);
				PRODUCT_BUNDLE_IDENTIFIER = com.detroitlabs.Trivia;
				PRODUCT_NAME = "$(TARGET_NAME)";
				SWIFT_VERSION = 4.0;
				TARGETED_DEVICE_FAMILY = "1,2";
			};
			name = Release;
		};
		7DCF9337212F42FD00ABF355 /* Debug */ = {
			isa = XCBuildConfiguration;
			buildSettings = {
				ALWAYS_EMBED_SWIFT_STANDARD_LIBRARIES = YES;
				BUNDLE_LOADER = "$(TEST_HOST)";
				CODE_SIGN_STYLE = Automatic;
				INFOPLIST_FILE = TriviaTests/Info.plist;
				LD_RUNPATH_SEARCH_PATHS = (
					"$(inherited)",
					"@executable_path/Frameworks",
					"@loader_path/Frameworks",
				);
				PRODUCT_BUNDLE_IDENTIFIER = com.detroitlabs.TriviaTests;
				PRODUCT_NAME = "$(TARGET_NAME)";
				SWIFT_VERSION = 4.0;
				TARGETED_DEVICE_FAMILY = "1,2";
				TEST_HOST = "$(BUILT_PRODUCTS_DIR)/Trivia.app/Trivia";
			};
			name = Debug;
		};
		7DCF9338212F42FD00ABF355 /* Release */ = {
			isa = XCBuildConfiguration;
			buildSettings = {
				ALWAYS_EMBED_SWIFT_STANDARD_LIBRARIES = YES;
				BUNDLE_LOADER = "$(TEST_HOST)";
				CODE_SIGN_STYLE = Automatic;
				INFOPLIST_FILE = TriviaTests/Info.plist;
				LD_RUNPATH_SEARCH_PATHS = (
					"$(inherited)",
					"@executable_path/Frameworks",
					"@loader_path/Frameworks",
				);
				PRODUCT_BUNDLE_IDENTIFIER = com.detroitlabs.TriviaTests;
				PRODUCT_NAME = "$(TARGET_NAME)";
				SWIFT_VERSION = 4.0;
				TARGETED_DEVICE_FAMILY = "1,2";
				TEST_HOST = "$(BUILT_PRODUCTS_DIR)/Trivia.app/Trivia";
			};
			name = Release;
		};
		7DCF933A212F42FD00ABF355 /* Debug */ = {
			isa = XCBuildConfiguration;
			buildSettings = {
				ALWAYS_EMBED_SWIFT_STANDARD_LIBRARIES = YES;
				CODE_SIGN_STYLE = Automatic;
				INFOPLIST_FILE = TriviaUITests/Info.plist;
				LD_RUNPATH_SEARCH_PATHS = (
					"$(inherited)",
					"@executable_path/Frameworks",
					"@loader_path/Frameworks",
				);
				PRODUCT_BUNDLE_IDENTIFIER = com.detroitlabs.TriviaUITests;
				PRODUCT_NAME = "$(TARGET_NAME)";
				SWIFT_VERSION = 4.0;
				TARGETED_DEVICE_FAMILY = "1,2";
				TEST_TARGET_NAME = Trivia;
			};
			name = Debug;
		};
		7DCF933B212F42FD00ABF355 /* Release */ = {
			isa = XCBuildConfiguration;
			buildSettings = {
				ALWAYS_EMBED_SWIFT_STANDARD_LIBRARIES = YES;
				CODE_SIGN_STYLE = Automatic;
				INFOPLIST_FILE = TriviaUITests/Info.plist;
				LD_RUNPATH_SEARCH_PATHS = (
					"$(inherited)",
					"@executable_path/Frameworks",
					"@loader_path/Frameworks",
				);
				PRODUCT_BUNDLE_IDENTIFIER = com.detroitlabs.TriviaUITests;
				PRODUCT_NAME = "$(TARGET_NAME)";
				SWIFT_VERSION = 4.0;
				TARGETED_DEVICE_FAMILY = "1,2";
				TEST_TARGET_NAME = Trivia;
			};
			name = Release;
		};
/* End XCBuildConfiguration section */

/* Begin XCConfigurationList section */
		7DCF9306212F42FC00ABF355 /* Build configuration list for PBXProject "Trivia" */ = {
			isa = XCConfigurationList;
			buildConfigurations = (
				7DCF9331212F42FD00ABF355 /* Debug */,
				7DCF9332212F42FD00ABF355 /* Release */,
			);
			defaultConfigurationIsVisible = 0;
			defaultConfigurationName = Release;
		};
		7DCF9333212F42FD00ABF355 /* Build configuration list for PBXNativeTarget "Trivia" */ = {
			isa = XCConfigurationList;
			buildConfigurations = (
				7DCF9334212F42FD00ABF355 /* Debug */,
				7DCF9335212F42FD00ABF355 /* Release */,
			);
			defaultConfigurationIsVisible = 0;
			defaultConfigurationName = Release;
		};
		7DCF9336212F42FD00ABF355 /* Build configuration list for PBXNativeTarget "TriviaTests" */ = {
			isa = XCConfigurationList;
			buildConfigurations = (
				7DCF9337212F42FD00ABF355 /* Debug */,
				7DCF9338212F42FD00ABF355 /* Release */,
			);
			defaultConfigurationIsVisible = 0;
			defaultConfigurationName = Release;
		};
		7DCF9339212F42FD00ABF355 /* Build configuration list for PBXNativeTarget "TriviaUITests" */ = {
			isa = XCConfigurationList;
			buildConfigurations = (
				7DCF933A212F42FD00ABF355 /* Debug */,
				7DCF933B212F42FD00ABF355 /* Release */,
			);
			defaultConfigurationIsVisible = 0;
			defaultConfigurationName = Release;
		};
/* End XCConfigurationList section */
	};
	rootObject = 7DCF9303212F42FC00ABF355 /* Project object */;
}
